
Microsoft Visual Studio Solution File, Format Version 12.00
# Visual Studio 15
VisualStudioVersion = 15.0.28307.645
MinimumVisualStudioVersion = 10.0.40219.1
Project("{FAE04EC0-301F-11D3-BF4B-00C04F79EFBC}") = "ApiNET", "ApiNET\ApiNET.csproj", "{AFC42670-47BC-47F4-9751-ACC488B929DE}"
EndProject
Global
	GlobalSection(SolutionConfigurationPlatforms) = preSolution
		Debug|Any CPU = Debug|Any CPU
		Release|Any CPU = Release|Any CPU
	EndGlobalSection
	GlobalSection(ProjectConfigurationPlatforms) = postSolution
		{AFC42670-47BC-47F4-9751-ACC488B929DE}.Debug|Any CPU.ActiveCfg = Debug|Any CPU
		{AFC42670-47BC-47F4-9751-ACC488B929DE}.Debug|Any CPU.Build.0 = Debug|Any CPU
		{AFC42670-47BC-47F4-9751-ACC488B929DE}.Release|Any CPU.ActiveCfg = Release|Any CPU
		{AFC42670-47BC-47F4-9751-ACC488B929DE}.Release|Any CPU.Build.0 = Release|Any CPU
	EndGlobalSection
	GlobalSection(SolutionProperties) = preSolution
		HideSolutionNode = FALSE
	EndGlobalSection
	GlobalSection(ExtensibilityGlobals) = postSolution
		SolutionGuid = {F60B02A7-6EB6-4652-BD58-2058586FC18A}
	EndGlobalSection
EndGlobal
